
Microsoft Visual Studio Solution File, Format Version 12.00
# Visual Studio 15
Project("{FAE04EC0-301F-11D3-BF4B-00C04F79EFBC}") = "Assembly-CSharp", "Assembly-CSharp.csproj", "{B3645EB6-5B0C-DDF8-29F6-8B41E3355691}"
EndProject
Project("{FAE04EC0-301F-11D3-BF4B-00C04F79EFBC}") = "Assembly-CSharp-Editor", "Assembly-CSharp-Editor.csproj", "{CEC257DE-5A57-0C0A-4D05-8CAADD0D1B5F}"
EndProject
Global
	GlobalSection(SolutionConfigurationPlatforms) = preSolution
		Debug|Any CPU = Debug|Any CPU
		Release|Any CPU = Release|Any CPU
	EndGlobalSection
	GlobalSection(ProjectConfigurationPlatforms) = postSolution
		{B3645EB6-5B0C-DDF8-29F6-8B41E3355691}.Debug|Any CPU.ActiveCfg = Debug|Any CPU
		{B3645EB6-5B0C-DDF8-29F6-8B41E3355691}.Debug|Any CPU.Build.0 = Debug|Any CPU
		{B3645EB6-5B0C-DDF8-29F6-8B41E3355691}.Release|Any CPU.ActiveCfg = Release|Any CPU
		{B3645EB6-5B0C-DDF8-29F6-8B41E3355691}.Release|Any CPU.Build.0 = Release|Any CPU
		{CEC257DE-5A57-0C0A-4D05-8CAADD0D1B5F}.Debug|Any CPU.ActiveCfg = Debug|Any CPU
		{CEC257DE-5A57-0C0A-4D05-8CAADD0D1B5F}.Debug|Any CPU.Build.0 = Debug|Any CPU
		{CEC257DE-5A57-0C0A-4D05-8CAADD0D1B5F}.Release|Any CPU.ActiveCfg = Release|Any CPU
		{CEC257DE-5A57-0C0A-4D05-8CAADD0D1B5F}.Release|Any CPU.Build.0 = Release|Any CPU
	EndGlobalSection
	GlobalSection(SolutionProperties) = preSolution
		HideSolutionNode = FALSE
	EndGlobalSection
EndGlobal
